
Microsoft Visual Studio Solution File, Format Version 12.00
# Visual Studio Version 17
VisualStudioVersion = 17.2.32317.152
MinimumVisualStudioVersion = 10.0.40219.1
Project("{FAE04EC0-301F-11D3-BF4B-00C04F79EFBC}") = "practica abstracta", "practica abstracta\practica abstracta.csproj", "{1023C799-C13F-4FA8-B767-87F12AA65CEF}"
EndProject
Global
	GlobalSection(SolutionConfigurationPlatforms) = preSolution
		Debug|Any CPU = Debug|Any CPU
		Release|Any CPU = Release|Any CPU
	EndGlobalSection
	GlobalSection(ProjectConfigurationPlatforms) = postSolution
		{1023C799-C13F-4FA8-B767-87F12AA65CEF}.Debug|Any CPU.ActiveCfg = Debug|Any CPU
		{1023C799-C13F-4FA8-B767-87F12AA65CEF}.Debug|Any CPU.Build.0 = Debug|Any CPU
		{1023C799-C13F-4FA8-B767-87F12AA65CEF}.Release|Any CPU.ActiveCfg = Release|Any CPU
		{1023C799-C13F-4FA8-B767-87F12AA65CEF}.Release|Any CPU.Build.0 = Release|Any CPU
	EndGlobalSection
	GlobalSection(SolutionProperties) = preSolution
		HideSolutionNode = FALSE
	EndGlobalSection
	GlobalSection(ExtensibilityGlobals) = postSolution
		SolutionGuid = {9280BA5A-72AF-44FE-84D7-9D8052FA64DC}
	EndGlobalSection
EndGlobal
